
Microsoft Visual Studio Solution File, Format Version 12.00
# Visual Studio Version 17
VisualStudioVersion = 17.7.34031.279
MinimumVisualStudioVersion = 10.0.40219.1
Project("{9A19103F-16F7-4668-BE54-9A1E7A4F7556}") = "EsercizioLogin", "EsercizioLogin.csproj", "{3C441820-1DC3-4581-B967-BB34AF797DC9}"
EndProject
Project("{FAE04EC0-301F-11D3-BF4B-00C04F79EFBC}") = "UtilityLib", "..\..\..\UtilityLib\UtilityLib.csproj", "{94311A9D-8464-483F-8537-3CCCD5CA9368}"
EndProject
Global
	GlobalSection(SolutionConfigurationPlatforms) = preSolution
		Debug|Any CPU = Debug|Any CPU
		Release|Any CPU = Release|Any CPU
	EndGlobalSection
	GlobalSection(ProjectConfigurationPlatforms) = postSolution
		{3C441820-1DC3-4581-B967-BB34AF797DC9}.Debug|Any CPU.ActiveCfg = Debug|Any CPU
		{3C441820-1DC3-4581-B967-BB34AF797DC9}.Debug|Any CPU.Build.0 = Debug|Any CPU
		{3C441820-1DC3-4581-B967-BB34AF797DC9}.Release|Any CPU.ActiveCfg = Release|Any CPU
		{3C441820-1DC3-4581-B967-BB34AF797DC9}.Release|Any CPU.Build.0 = Release|Any CPU
		{94311A9D-8464-483F-8537-3CCCD5CA9368}.Debug|Any CPU.ActiveCfg = Debug|Any CPU
		{94311A9D-8464-483F-8537-3CCCD5CA9368}.Debug|Any CPU.Build.0 = Debug|Any CPU
		{94311A9D-8464-483F-8537-3CCCD5CA9368}.Release|Any CPU.ActiveCfg = Release|Any CPU
		{94311A9D-8464-483F-8537-3CCCD5CA9368}.Release|Any CPU.Build.0 = Release|Any CPU
	EndGlobalSection
	GlobalSection(SolutionProperties) = preSolution
		HideSolutionNode = FALSE
	EndGlobalSection
	GlobalSection(ExtensibilityGlobals) = postSolution
		SolutionGuid = {C72C9EC0-8326-4458-B0C8-6E9244163800}
	EndGlobalSection
EndGlobal
